{
  "requires": true,
  "lockfileVersion": 1,
  "dependencies": {
    "hamburger-menu": {
      "version": "0.3.8",
      "resolved": "https://registry.npmjs.org/hamburger-menu/-/hamburger-menu-0.3.8.tgz",
      "integrity": "sha512-XbJWB+2JnT/2mB0FP0IBXWdaxbxW64t0Gq/0KjjAuY7CBqA+tdEL2RwOXCkuEUXmNmwCZuAzwGG6pXHNv2WXKA==",
      "requires": {
        "jquery": "~3.6"
      }
    },
    "jquery": {
      "version": "3.6.0",
      "resolved": "https://registry.npmjs.org/jquery/-/jquery-3.6.0.tgz",
      "integrity": "sha512-JVzAR/AjBvVt2BmYhxRCSYysDsPcssdmTFnzyLEts9qNwmjmu4JTAMYubEfwVOSwpQ1I1sKKFcxhZCI2buerfw=="
    }
  }
}
