{
  "requires": true,
  "lockfileVersion": 1,
  "dependencies": {
    "react-native-wheely": {
      "version": "0.3.2",
      "resolved": "https://registry.npmjs.org/react-native-wheely/-/react-native-wheely-0.3.2.tgz",
      "integrity": "sha512-H98UOLbnf0ztRIFduHEnrV1dGiSAmtZ3TtG5uBrokiGPabCe0TNZWhdlmsPM4JTl7o7gma3zvZ+finzQgviFmA=="
    }
  }
}
